// !$*UTF8*$!
{
	archiveVersion = 1;
	classes = {
	};
	objectVersion = 46;
	objects = {

/* Begin PBXBuildFile section */
		4911D7BD1DD99C7100857324 /* AnsViewController.swift in Sources */ = {isa = PBXBuildFile; fileRef = 4911D7BC1DD99C7100857324 /* AnsViewController.swift */; };
		4915396C1DCB0E8F00D5B239 /* AppDelegate.swift in Sources */ = {isa = PBXBuildFile; fileRef = 4915396B1DCB0E8F00D5B239 /* AppDelegate.swift */; };
		491539711DCB0E8F00D5B239 /* Main.storyboard in Resources */ = {isa = PBXBuildFile; fileRef = 4915396F1DCB0E8F00D5B239 /* Main.storyboard */; };
		491539731DCB0E8F00D5B239 /* Assets.xcassets in Resources */ = {isa = PBXBuildFile; fileRef = 491539721DCB0E8F00D5B239 /* Assets.xcassets */; };
		491539761DCB0E8F00D5B239 /* LaunchScreen.storyboard in Resources */ = {isa = PBXBuildFile; fileRef = 491539741DCB0E8F00D5B239 /* LaunchScreen.storyboard */; };
		4915397E1DCB0EF400D5B239 /* MainTableViewController.swift in Sources */ = {isa = PBXBuildFile; fileRef = 4915397D1DCB0EF400D5B239 /* MainTableViewController.swift */; };
		493C106E1DDAD38400E97A41 /* Questions.swift in Sources */ = {isa = PBXBuildFile; fileRef = 493C106D1DDAD38400E97A41 /* Questions.swift */; };
		49651D351DDA53EE00FAA3A9 /* FinishViewController.swift in Sources */ = {isa = PBXBuildFile; fileRef = 49651D341DDA53EE00FAA3A9 /* FinishViewController.swift */; };
		49765E921DD92B0D0095D7D5 /* QuestionViewController.swift in Sources */ = {isa = PBXBuildFile; fileRef = 49765E911DD92B0D0095D7D5 /* QuestionViewController.swift */; };
/* End PBXBuildFile section */

/* Begin PBXFileReference section */
		4911D7BC1DD99C7100857324 /* AnsViewController.swift */ = {isa = PBXFileReference; fileEncoding = 4; lastKnownFileType = sourcecode.swift; path = AnsViewController.swift; sourceTree = "<group>"; };
		491539681DCB0E8F00D5B239 /* iQuiz.app */ = {isa = PBXFileReference; explicitFileType = wrapper.application; includeInIndex = 0; path = iQuiz.app; sourceTree = BUILT_PRODUCTS_DIR; };
		4915396B1DCB0E8F00D5B239 /* AppDelegate.swift */ = {isa = PBXFileReference; lastKnownFileType = sourcecode.swift; path = AppDelegate.swift; sourceTree = "<group>"; };
		491539701DCB0E8F00D5B239 /* Base */ = {isa = PBXFileReference; lastKnownFileType = file.storyboard; name = Base; path = Base.lproj/Main.storyboard; sourceTree = "<group>"; };
		491539721DCB0E8F00D5B239 /* Assets.xcassets */ = {isa = PBXFileReference; lastKnownFileType = folder.assetcatalog; path = Assets.xcassets; sourceTree = "<group>"; };
		491539751DCB0E8F00D5B239 /* Base */ = {isa = PBXFileReference; lastKnownFileType = file.storyboard; name = Base; path = Base.lproj/LaunchScreen.storyboard; sourceTree = "<group>"; };
		491539771DCB0E8F00D5B239 /* Info.plist */ = {isa = PBXFileReference; lastKnownFileType = text.plist.xml; path = Info.plist; sourceTree = "<group>"; };
		4915397D1DCB0EF400D5B239 /* MainTableViewController.swift */ = {isa = PBXFileReference; fileEncoding = 4; lastKnownFileType = sourcecode.swift; path = MainTableViewController.swift; sourceTree = "<group>"; };
		493C106D1DDAD38400E97A41 /* Questions.swift */ = {isa = PBXFileReference; fileEncoding = 4; lastKnownFileType = sourcecode.swift; path = Questions.swift; sourceTree = "<group>"; };
		49651D341DDA53EE00FAA3A9 /* FinishViewController.swift */ = {isa = PBXFileReference; fileEncoding = 4; lastKnownFileType = sourcecode.swift; path = FinishViewController.swift; sourceTree = "<group>"; };
		49765E911DD92B0D0095D7D5 /* QuestionViewController.swift */ = {isa = PBXFileReference; fileEncoding = 4; lastKnownFileType = sourcecode.swift; path = QuestionViewController.swift; sourceTree = "<group>"; };
/* End PBXFileReference section */

/* Begin PBXFrameworksBuildPhase section */
		491539651DCB0E8E00D5B239 /* Frameworks */ = {
			isa = PBXFrameworksBuildPhase;
			buildActionMask = 2147483647;
			files = (
			);
			runOnlyForDeploymentPostprocessing = 0;
		};
/* End PBXFrameworksBuildPhase section */

/* Begin PBXGroup section */
		4915395F1DCB0E8E00D5B239 = {
			isa = PBXGroup;
			children = (
				4915396A1DCB0E8F00D5B239 /* iQuiz */,
				491539691DCB0E8F00D5B239 /* Products */,
			);
			sourceTree = "<group>";
		};
		491539691DCB0E8F00D5B239 /* Products */ = {
			isa = PBXGroup;
			children = (
				491539681DCB0E8F00D5B239 /* iQuiz.app */,
			);
			name = Products;
			sourceTree = "<group>";
		};
		4915396A1DCB0E8F00D5B239 /* iQuiz */ = {
			isa = PBXGroup;
			children = (
				4915396B1DCB0E8F00D5B239 /* AppDelegate.swift */,
				4915396F1DCB0E8F00D5B239 /* Main.storyboard */,
				491539721DCB0E8F00D5B239 /* Assets.xcassets */,
				491539741DCB0E8F00D5B239 /* LaunchScreen.storyboard */,
				491539771DCB0E8F00D5B239 /* Info.plist */,
				4915397D1DCB0EF400D5B239 /* MainTableViewController.swift */,
				49765E911DD92B0D0095D7D5 /* QuestionViewController.swift */,
				4911D7BC1DD99C7100857324 /* AnsViewController.swift */,
				49651D341DDA53EE00FAA3A9 /* FinishViewController.swift */,
				493C106D1DDAD38400E97A41 /* Questions.swift */,
			);
			path = iQuiz;
			sourceTree = "<group>";
		};
/* End PBXGroup section */

/* Begin PBXNativeTarget section */
		491539671DCB0E8E00D5B239 /* iQuiz */ = {
			isa = PBXNativeTarget;
			buildConfigurationList = 4915397A1DCB0E8F00D5B239 /* Build configuration list for PBXNativeTarget "iQuiz" */;
			buildPhases = (
				491539641DCB0E8E00D5B239 /* Sources */,
				491539651DCB0E8E00D5B239 /* Frameworks */,
				491539661DCB0E8E00D5B239 /* Resources */,
			);
			buildRules = (
			);
			dependencies = (
			);
			name = iQuiz;
			productName = iQuiz;
			productReference = 491539681DCB0E8F00D5B239 /* iQuiz.app */;
			productType = "com.apple.product-type.application";
		};
/* End PBXNativeTarget section */

/* Begin PBXProject section */
		491539601DCB0E8E00D5B239 /* Project object */ = {
			isa = PBXProject;
			attributes = {
				LastSwiftUpdateCheck = 0800;
				LastUpgradeCheck = 0800;
				ORGANIZATIONNAME = com.ischool.cmfeng;
				TargetAttributes = {
					491539671DCB0E8E00D5B239 = {
						CreatedOnToolsVersion = 8.0;
						ProvisioningStyle = Automatic;
					};
				};
			};
			buildConfigurationList = 491539631DCB0E8E00D5B239 /* Build configuration list for PBXProject "iQuiz" */;
			compatibilityVersion = "Xcode 3.2";
			developmentRegion = English;
			hasScannedForEncodings = 0;
			knownRegions = (
				en,
				Base,
			);
			mainGroup = 4915395F1DCB0E8E00D5B239;
			productRefGroup = 491539691DCB0E8F00D5B239 /* Products */;
			projectDirPath = "";
			projectRoot = "";
			targets = (
				491539671DCB0E8E00D5B239 /* iQuiz */,
			);
		};
/* End PBXProject section */

/* Begin PBXResourcesBuildPhase section */
		491539661DCB0E8E00D5B239 /* Resources */ = {
			isa = PBXResourcesBuildPhase;
			buildActionMask = 2147483647;
			files = (
				491539761DCB0E8F00D5B239 /* LaunchScreen.storyboard in Resources */,
				491539731DCB0E8F00D5B239 /* Assets.xcassets in Resources */,
				491539711DCB0E8F00D5B239 /* Main.storyboard in Resources */,
			);
			runOnlyForDeploymentPostprocessing = 0;
		};
/* End PBXResourcesBuildPhase section */

/* Begin PBXSourcesBuildPhase section */
		491539641DCB0E8E00D5B239 /* Sources */ = {
			isa = PBXSourcesBuildPhase;
			buildActionMask = 2147483647;
			files = (
				49651D351DDA53EE00FAA3A9 /* FinishViewController.swift in Sources */,
				4915397E1DCB0EF400D5B239 /* MainTableViewController.swift in Sources */,
				4915396C1DCB0E8F00D5B239 /* AppDelegate.swift in Sources */,
				493C106E1DDAD38400E97A41 /* Questions.swift in Sources */,
				49765E921DD92B0D0095D7D5 /* QuestionViewController.swift in Sources */,
				4911D7BD1DD99C7100857324 /* AnsViewController.swift in Sources */,
			);
			runOnlyForDeploymentPostprocessing = 0;
		};
/* End PBXSourcesBuildPhase section */

/* Begin PBXVariantGroup section */
		4915396F1DCB0E8F00D5B239 /* Main.storyboard */ = {
			isa = PBXVariantGroup;
			children = (
				491539701DCB0E8F00D5B239 /* Base */,
			);
			name = Main.storyboard;
			sourceTree = "<group>";
		};
		491539741DCB0E8F00D5B239 /* LaunchScreen.storyboard */ = {
			isa = PBXVariantGroup;
			children = (
				491539751DCB0E8F00D5B239 /* Base */,
			);
			name = LaunchScreen.storyboard;
			sourceTree = "<group>";
		};
/* End PBXVariantGroup section */

/* Begin XCBuildConfiguration section */
		491539781DCB0E8F00D5B239 /* Debug */ = {
			isa = XCBuildConfiguration;
			buildSettings = {
				ALWAYS_SEARCH_USER_PATHS = NO;
				CLANG_ANALYZER_NONNULL = YES;
				CLANG_CXX_LANGUAGE_STANDARD = "gnu++0x";
				CLANG_CXX_LIBRARY = "libc++";
				CLANG_ENABLE_MODULES = YES;
				CLANG_ENABLE_OBJC_ARC = YES;
				CLANG_WARN_BOOL_CONVERSION = YES;
				CLANG_WARN_CONSTANT_CONVERSION = YES;
				CLANG_WARN_DIRECT_OBJC_ISA_USAGE = YES_ERROR;
				CLANG_WARN_DOCUMENTATION_COMMENTS = YES;
				CLANG_WARN_EMPTY_BODY = YES;
				CLANG_WARN_ENUM_CONVERSION = YES;
				CLANG_WARN_INFINITE_RECURSION = YES;
				CLANG_WARN_INT_CONVERSION = YES;
				CLANG_WARN_OBJC_ROOT_CLASS = YES_ERROR;
				CLANG_WARN_SUSPICIOUS_MOVES = YES;
				CLANG_WARN_UNREACHABLE_CODE = YES;
				CLANG_WARN__DUPLICATE_METHOD_MATCH = YES;
				"CODE_SIGN_IDENTITY[sdk=iphoneos*]" = "iPhone Developer";
				COPY_PHASE_STRIP = NO;
				DEBUG_INFORMATION_FORMAT = dwarf;
				ENABLE_STRICT_OBJC_MSGSEND = YES;
				ENABLE_TESTABILITY = YES;
				GCC_C_LANGUAGE_STANDARD = gnu99;
				GCC_DYNAMIC_NO_PIC = NO;
				GCC_NO_COMMON_BLOCKS = YES;
				GCC_OPTIMIZATION_LEVEL = 0;
				GCC_PREPROCESSOR_DEFINITIONS = (
					"DEBUG=1",
					"$(inherited)",
				);
				GCC_WARN_64_TO_32_BIT_CONVERSION = YES;
				GCC_WARN_ABOUT_RETURN_TYPE = YES_ERROR;
				GCC_WARN_UNDECLARED_SELECTOR = YES;
				GCC_WARN_UNINITIALIZED_AUTOS = YES_AGGRESSIVE;
				GCC_WARN_UNUSED_FUNCTION = YES;
				GCC_WARN_UNUSED_VARIABLE = YES;
				IPHONEOS_DEPLOYMENT_TARGET = 10.0;
				MTL_ENABLE_DEBUG_INFO = YES;
				ONLY_ACTIVE_ARCH = YES;
				SDKROOT = iphoneos;
				SWIFT_ACTIVE_COMPILATION_CONDITIONS = DEBUG;
				SWIFT_OPTIMIZATION_LEVEL = "-Onone";
				TARGETED_DEVICE_FAMILY = "1,2";
			};
			name = Debug;
		};
		491539791DCB0E8F00D5B239 /* Release */ = {
			isa = XCBuildConfiguration;
			buildSettings = {
				ALWAYS_SEARCH_USER_PATHS = NO;
				CLANG_ANALYZER_NONNULL = YES;
				CLANG_CXX_LANGUAGE_STANDARD = "gnu++0x";
				CLANG_CXX_LIBRARY = "libc++";
				CLANG_ENABLE_MODULES = YES;
				CLANG_ENABLE_OBJC_ARC = YES;
				CLANG_WARN_BOOL_CONVERSION = YES;
				CLANG_WARN_CONSTANT_CONVERSION = YES;
				CLANG_WARN_DIRECT_OBJC_ISA_USAGE = YES_ERROR;
				CLANG_WARN_DOCUMENTATION_COMMENTS = YES;
				CLANG_WARN_EMPTY_BODY = YES;
				CLANG_WARN_ENUM_CONVERSION = YES;
				CLANG_WARN_INFINITE_RECURSION = YES;
				CLANG_WARN_INT_CONVERSION = YES;
				CLANG_WARN_OBJC_ROOT_CLASS = YES_ERROR;
				CLANG_WARN_SUSPICIOUS_MOVES = YES;
				CLANG_WARN_UNREACHABLE_CODE = YES;
				CLANG_WARN__DUPLICATE_METHOD_MATCH = YES;
				"CODE_SIGN_IDENTITY[sdk=iphoneos*]" = "iPhone Developer";
				COPY_PHASE_STRIP = NO;
				DEBUG_INFORMATION_FORMAT = "dwarf-with-dsym";
				ENABLE_NS_ASSERTIONS = NO;
				ENABLE_STRICT_OBJC_MSGSEND = YES;
				GCC_C_LANGUAGE_STANDARD = gnu99;
				GCC_NO_COMMON_BLOCKS = YES;
				GCC_WARN_64_TO_32_BIT_CONVERSION = YES;
				GCC_WARN_ABOUT_RETURN_TYPE = YES_ERROR;
				GCC_WARN_UNDECLARED_SELECTOR = YES;
				GCC_WARN_UNINITIALIZED_AUTOS = YES_AGGRESSIVE;
				GCC_WARN_UNUSED_FUNCTION = YES;
				GCC_WARN_UNUSED_VARIABLE = YES;
				IPHONEOS_DEPLOYMENT_TARGET = 10.0;
				MTL_ENABLE_DEBUG_INFO = NO;
				SDKROOT = iphoneos;
				SWIFT_OPTIMIZATION_LEVEL = "-Owholemodule";
				TARGETED_DEVICE_FAMILY = "1,2";
				VALIDATE_PRODUCT = YES;
			};
			name = Release;
		};
		4915397B1DCB0E8F00D5B239 /* Debug */ = {
			isa = XCBuildConfiguration;
			buildSettings = {
				ASSETCATALOG_COMPILER_APPICON_NAME = AppIcon;
				INFOPLIST_FILE = iQuiz/Info.plist;
				LD_RUNPATH_SEARCH_PATHS = "$(inherited) @executable_path/Frameworks";
				PRODUCT_BUNDLE_IDENTIFIER = com.ischool.cmfeng.iQuiz;
				PRODUCT_NAME = "$(TARGET_NAME)";
				SWIFT_VERSION = 3.0;
			};
			name = Debug;
		};
		4915397C1DCB0E8F00D5B239 /* Release */ = {
			isa = XCBuildConfiguration;
			buildSettings = {
				ASSETCATALOG_COMPILER_APPICON_NAME = AppIcon;
				INFOPLIST_FILE = iQuiz/Info.plist;
				LD_RUNPATH_SEARCH_PATHS = "$(inherited) @executable_path/Frameworks";
				PRODUCT_BUNDLE_IDENTIFIER = com.ischool.cmfeng.iQuiz;
				PRODUCT_NAME = "$(TARGET_NAME)";
				SWIFT_VERSION = 3.0;
			};
			name = Release;
		};
/* End XCBuildConfiguration section */

/* Begin XCConfigurationList section */
		491539631DCB0E8E00D5B239 /* Build configuration list for PBXProject "iQuiz" */ = {
			isa = XCConfigurationList;
			buildConfigurations = (
				491539781DCB0E8F00D5B239 /* Debug */,
				491539791DCB0E8F00D5B239 /* Release */,
			);
			defaultConfigurationIsVisible = 0;
			defaultConfigurationName = Release;
		};
		4915397A1DCB0E8F00D5B239 /* Build configuration list for PBXNativeTarget "iQuiz" */ = {
			isa = XCConfigurationList;
			buildConfigurations = (
				4915397B1DCB0E8F00D5B239 /* Debug */,
				4915397C1DCB0E8F00D5B239 /* Release */,
			);
			defaultConfigurationIsVisible = 0;
			defaultConfigurationName = Release;
		};
/* End XCConfigurationList section */
	};
	rootObject = 491539601DCB0E8E00D5B239 /* Project object */;
}
